
Microsoft Visual Studio Solution File, Format Version 12.00
# Visual Studio Version 16
VisualStudioVersion = 16.0.29806.167
MinimumVisualStudioVersion = 10.0.40219.1
Project("{FAE04EC0-301F-11D3-BF4B-00C04F79EFBC}") = "IVS_Calc_v01", "IVS_Calc_v01.csproj", "{042156C1-D6FA-4A77-9803-D484ADCAC7A0}"
EndProject
Global
	GlobalSection(SolutionConfigurationPlatforms) = preSolution
		Debug|Any CPU = Debug|Any CPU
		Release|Any CPU = Release|Any CPU
	EndGlobalSection
	GlobalSection(ProjectConfigurationPlatforms) = postSolution
		{042156C1-D6FA-4A77-9803-D484ADCAC7A0}.Debug|Any CPU.ActiveCfg = Debug|Any CPU
		{042156C1-D6FA-4A77-9803-D484ADCAC7A0}.Debug|Any CPU.Build.0 = Debug|Any CPU
		{042156C1-D6FA-4A77-9803-D484ADCAC7A0}.Release|Any CPU.ActiveCfg = Release|Any CPU
		{042156C1-D6FA-4A77-9803-D484ADCAC7A0}.Release|Any CPU.Build.0 = Release|Any CPU
	EndGlobalSection
	GlobalSection(SolutionProperties) = preSolution
		HideSolutionNode = FALSE
	EndGlobalSection
	GlobalSection(ExtensibilityGlobals) = postSolution
		SolutionGuid = {E73304F5-9AC3-4BEC-A44D-197E8DE3BDE6}
	EndGlobalSection
EndGlobal
